// !$*UTF8*$!
{
	archiveVersion = 1;
	classes = {
	};
	objectVersion = 56;
	objects = {

/* Begin PBXBuildFile section */
		6C4EF1032BFAC385001FA1F7 /* AppDelegate.swift in Sources */ = {isa = PBXBuildFile; fileRef = 6C4EF1022BFAC385001FA1F7 /* AppDelegate.swift */; };
		6C4EF1052BFAC385001FA1F7 /* SceneDelegate.swift in Sources */ = {isa = PBXBuildFile; fileRef = 6C4EF1042BFAC385001FA1F7 /* SceneDelegate.swift */; };
		6C4EF1072BFAC385001FA1F7 /* ViewController.swift in Sources */ = {isa = PBXBuildFile; fileRef = 6C4EF1062BFAC385001FA1F7 /* ViewController.swift */; };
		6C4EF10A2BFAC385001FA1F7 /* Base in Resources */ = {isa = PBXBuildFile; fileRef = 6C4EF1092BFAC385001FA1F7 /* Base */; };
		6C4EF10C2BFAC388001FA1F7 /* Assets.xcassets in Resources */ = {isa = PBXBuildFile; fileRef = 6C4EF10B2BFAC388001FA1F7 /* Assets.xcassets */; };
		6C4EF10F2BFAC388001FA1F7 /* Base in Resources */ = {isa = PBXBuildFile; fileRef = 6C4EF10E2BFAC388001FA1F7 /* Base */; };
		6C4EF1172BFAC3E6001FA1F7 /* CoinData.swift in Sources */ = {isa = PBXBuildFile; fileRef = 6C4EF1162BFAC3E6001FA1F7 /* CoinData.swift */; };
		6C4EF1192BFAC40D001FA1F7 /* CoinManager.swift in Sources */ = {isa = PBXBuildFile; fileRef = 6C4EF1182BFAC40D001FA1F7 /* CoinManager.swift */; };
/* End PBXBuildFile section */

/* Begin PBXFileReference section */
		6C4EF0FF2BFAC385001FA1F7 /* BItcoinPrice.app */ = {isa = PBXFileReference; explicitFileType = wrapper.application; includeInIndex = 0; path = BItcoinPrice.app; sourceTree = BUILT_PRODUCTS_DIR; };
		6C4EF1022BFAC385001FA1F7 /* AppDelegate.swift */ = {isa = PBXFileReference; lastKnownFileType = sourcecode.swift; path = AppDelegate.swift; sourceTree = "<group>"; };
		6C4EF1042BFAC385001FA1F7 /* SceneDelegate.swift */ = {isa = PBXFileReference; lastKnownFileType = sourcecode.swift; path = SceneDelegate.swift; sourceTree = "<group>"; };
		6C4EF1062BFAC385001FA1F7 /* ViewController.swift */ = {isa = PBXFileReference; lastKnownFileType = sourcecode.swift; path = ViewController.swift; sourceTree = "<group>"; };
		6C4EF1092BFAC385001FA1F7 /* Base */ = {isa = PBXFileReference; lastKnownFileType = file.storyboard; name = Base; path = Base.lproj/Main.storyboard; sourceTree = "<group>"; };
		6C4EF10B2BFAC388001FA1F7 /* Assets.xcassets */ = {isa = PBXFileReference; lastKnownFileType = folder.assetcatalog; path = Assets.xcassets; sourceTree = "<group>"; };
		6C4EF10E2BFAC388001FA1F7 /* Base */ = {isa = PBXFileReference; lastKnownFileType = file.storyboard; name = Base; path = Base.lproj/LaunchScreen.storyboard; sourceTree = "<group>"; };
		6C4EF1102BFAC388001FA1F7 /* Info.plist */ = {isa = PBXFileReference; lastKnownFileType = text.plist.xml; path = Info.plist; sourceTree = "<group>"; };
		6C4EF1162BFAC3E6001FA1F7 /* CoinData.swift */ = {isa = PBXFileReference; lastKnownFileType = sourcecode.swift; path = CoinData.swift; sourceTree = "<group>"; };
		6C4EF1182BFAC40D001FA1F7 /* CoinManager.swift */ = {isa = PBXFileReference; lastKnownFileType = sourcecode.swift; path = CoinManager.swift; sourceTree = "<group>"; };
/* End PBXFileReference section */

/* Begin PBXFrameworksBuildPhase section */
		6C4EF0FC2BFAC385001FA1F7 /* Frameworks */ = {
			isa = PBXFrameworksBuildPhase;
			buildActionMask = 2147483647;
			files = (
			);
			runOnlyForDeploymentPostprocessing = 0;
		};
/* End PBXFrameworksBuildPhase section */

/* Begin PBXGroup section */
		6C4EF0F62BFAC385001FA1F7 = {
			isa = PBXGroup;
			children = (
				6C4EF1012BFAC385001FA1F7 /* BItcoinPrice */,
				6C4EF1002BFAC385001FA1F7 /* Products */,
			);
			sourceTree = "<group>";
		};
		6C4EF1002BFAC385001FA1F7 /* Products */ = {
			isa = PBXGroup;
			children = (
				6C4EF0FF2BFAC385001FA1F7 /* BItcoinPrice.app */,
			);
			name = Products;
			sourceTree = "<group>";
		};
		6C4EF1012BFAC385001FA1F7 /* BItcoinPrice */ = {
			isa = PBXGroup;
			children = (
				6C4EF1022BFAC385001FA1F7 /* AppDelegate.swift */,
				6C4EF1042BFAC385001FA1F7 /* SceneDelegate.swift */,
				6C4EF11B2BFAC44D001FA1F7 /* model */,
				6C4EF11C2BFAC467001FA1F7 /* controller */,
				6C4EF11D2BFAC486001FA1F7 /* view */,
				6C4EF10B2BFAC388001FA1F7 /* Assets.xcassets */,
				6C4EF10D2BFAC388001FA1F7 /* LaunchScreen.storyboard */,
				6C4EF1102BFAC388001FA1F7 /* Info.plist */,
			);
			path = BItcoinPrice;
			sourceTree = "<group>";
		};
		6C4EF11B2BFAC44D001FA1F7 /* model */ = {
			isa = PBXGroup;
			children = (
				6C4EF1182BFAC40D001FA1F7 /* CoinManager.swift */,
				6C4EF1162BFAC3E6001FA1F7 /* CoinData.swift */,
			);
			path = model;
			sourceTree = "<group>";
		};
		6C4EF11C2BFAC467001FA1F7 /* controller */ = {
			isa = PBXGroup;
			children = (
				6C4EF1062BFAC385001FA1F7 /* ViewController.swift */,
			);
			path = controller;
			sourceTree = "<group>";
		};
		6C4EF11D2BFAC486001FA1F7 /* view */ = {
			isa = PBXGroup;
			children = (
				6C4EF1082BFAC385001FA1F7 /* Main.storyboard */,
			);
			path = view;
			sourceTree = "<group>";
		};
/* End PBXGroup section */

/* Begin PBXNativeTarget section */
		6C4EF0FE2BFAC385001FA1F7 /* BItcoinPrice */ = {
			isa = PBXNativeTarget;
			buildConfigurationList = 6C4EF1132BFAC388001FA1F7 /* Build configuration list for PBXNativeTarget "BItcoinPrice" */;
			buildPhases = (
				6C4EF0FB2BFAC385001FA1F7 /* Sources */,
				6C4EF0FC2BFAC385001FA1F7 /* Frameworks */,
				6C4EF0FD2BFAC385001FA1F7 /* Resources */,
			);
			buildRules = (
			);
			dependencies = (
			);
			name = BItcoinPrice;
			productName = BItcoinPrice;
			productReference = 6C4EF0FF2BFAC385001FA1F7 /* BItcoinPrice.app */;
			productType = "com.apple.product-type.application";
		};
/* End PBXNativeTarget section */

/* Begin PBXProject section */
		6C4EF0F72BFAC385001FA1F7 /* Project object */ = {
			isa = PBXProject;
			attributes = {
				BuildIndependentTargetsInParallel = 1;
				LastSwiftUpdateCheck = 1530;
				LastUpgradeCheck = 1530;
				TargetAttributes = {
					6C4EF0FE2BFAC385001FA1F7 = {
						CreatedOnToolsVersion = 15.3;
					};
				};
			};
			buildConfigurationList = 6C4EF0FA2BFAC385001FA1F7 /* Build configuration list for PBXProject "BItcoinPrice" */;
			compatibilityVersion = "Xcode 14.0";
			developmentRegion = en;
			hasScannedForEncodings = 0;
			knownRegions = (
				en,
				Base,
			);
			mainGroup = 6C4EF0F62BFAC385001FA1F7;
			productRefGroup = 6C4EF1002BFAC385001FA1F7 /* Products */;
			projectDirPath = "";
			projectRoot = "";
			targets = (
				6C4EF0FE2BFAC385001FA1F7 /* BItcoinPrice */,
			);
		};
/* End PBXProject section */

/* Begin PBXResourcesBuildPhase section */
		6C4EF0FD2BFAC385001FA1F7 /* Resources */ = {
			isa = PBXResourcesBuildPhase;
			buildActionMask = 2147483647;
			files = (
				6C4EF10C2BFAC388001FA1F7 /* Assets.xcassets in Resources */,
				6C4EF10F2BFAC388001FA1F7 /* Base in Resources */,
				6C4EF10A2BFAC385001FA1F7 /* Base in Resources */,
			);
			runOnlyForDeploymentPostprocessing = 0;
		};
/* End PBXResourcesBuildPhase section */

/* Begin PBXSourcesBuildPhase section */
		6C4EF0FB2BFAC385001FA1F7 /* Sources */ = {
			isa = PBXSourcesBuildPhase;
			buildActionMask = 2147483647;
			files = (
				6C4EF1172BFAC3E6001FA1F7 /* CoinData.swift in Sources */,
				6C4EF1072BFAC385001FA1F7 /* ViewController.swift in Sources */,
				6C4EF1032BFAC385001FA1F7 /* AppDelegate.swift in Sources */,
				6C4EF1052BFAC385001FA1F7 /* SceneDelegate.swift in Sources */,
				6C4EF1192BFAC40D001FA1F7 /* CoinManager.swift in Sources */,
			);
			runOnlyForDeploymentPostprocessing = 0;
		};
/* End PBXSourcesBuildPhase section */

/* Begin PBXVariantGroup section */
		6C4EF1082BFAC385001FA1F7 /* Main.storyboard */ = {
			isa = PBXVariantGroup;
			children = (
				6C4EF1092BFAC385001FA1F7 /* Base */,
			);
			name = Main.storyboard;
			sourceTree = "<group>";
		};
		6C4EF10D2BFAC388001FA1F7 /* LaunchScreen.storyboard */ = {
			isa = PBXVariantGroup;
			children = (
				6C4EF10E2BFAC388001FA1F7 /* Base */,
			);
			name = LaunchScreen.storyboard;
			sourceTree = "<group>";
		};
/* End PBXVariantGroup section */

/* Begin XCBuildConfiguration section */
		6C4EF1112BFAC388001FA1F7 /* Debug */ = {
			isa = XCBuildConfiguration;
			buildSettings = {
				ALWAYS_SEARCH_USER_PATHS = NO;
				ASSETCATALOG_COMPILER_GENERATE_SWIFT_ASSET_SYMBOL_EXTENSIONS = YES;
				CLANG_ANALYZER_NONNULL = YES;
				CLANG_ANALYZER_NUMBER_OBJECT_CONVERSION = YES_AGGRESSIVE;
				CLANG_CXX_LANGUAGE_STANDARD = "gnu++20";
				CLANG_ENABLE_MODULES = YES;
				CLANG_ENABLE_OBJC_ARC = YES;
				CLANG_ENABLE_OBJC_WEAK = YES;
				CLANG_WARN_BLOCK_CAPTURE_AUTORELEASING = YES;
				CLANG_WARN_BOOL_CONVERSION = YES;
				CLANG_WARN_COMMA = YES;
				CLANG_WARN_CONSTANT_CONVERSION = YES;
				CLANG_WARN_DEPRECATED_OBJC_IMPLEMENTATIONS = YES;
				CLANG_WARN_DIRECT_OBJC_ISA_USAGE = YES_ERROR;
				CLANG_WARN_DOCUMENTATION_COMMENTS = YES;
				CLANG_WARN_EMPTY_BODY = YES;
				CLANG_WARN_ENUM_CONVERSION = YES;
				CLANG_WARN_INFINITE_RECURSION = YES;
				CLANG_WARN_INT_CONVERSION = YES;
				CLANG_WARN_NON_LITERAL_NULL_CONVERSION = YES;
				CLANG_WARN_OBJC_IMPLICIT_RETAIN_SELF = YES;
				CLANG_WARN_OBJC_LITERAL_CONVERSION = YES;
				CLANG_WARN_OBJC_ROOT_CLASS = YES_ERROR;
				CLANG_WARN_QUOTED_INCLUDE_IN_FRAMEWORK_HEADER = YES;
				CLANG_WARN_RANGE_LOOP_ANALYSIS = YES;
				CLANG_WARN_STRICT_PROTOTYPES = YES;
				CLANG_WARN_SUSPICIOUS_MOVE = YES;
				CLANG_WARN_UNGUARDED_AVAILABILITY = YES_AGGRESSIVE;
				CLANG_WARN_UNREACHABLE_CODE = YES;
				CLANG_WARN__DUPLICATE_METHOD_MATCH = YES;
				COPY_PHASE_STRIP = NO;
				DEBUG_INFORMATION_FORMAT = dwarf;
				ENABLE_STRICT_OBJC_MSGSEND = YES;
				ENABLE_TESTABILITY = YES;
				ENABLE_USER_SCRIPT_SANDBOXING = YES;
				GCC_C_LANGUAGE_STANDARD = gnu17;
				GCC_DYNAMIC_NO_PIC = NO;
				GCC_NO_COMMON_BLOCKS = YES;
				GCC_OPTIMIZATION_LEVEL = 0;
				GCC_PREPROCESSOR_DEFINITIONS = (
					"DEBUG=1",
					"$(inherited)",
				);
				GCC_WARN_64_TO_32_BIT_CONVERSION = YES;
				GCC_WARN_ABOUT_RETURN_TYPE = YES_ERROR;
				GCC_WARN_UNDECLARED_SELECTOR = YES;
				GCC_WARN_UNINITIALIZED_AUTOS = YES_AGGRESSIVE;
				GCC_WARN_UNUSED_FUNCTION = YES;
				GCC_WARN_UNUSED_VARIABLE = YES;
				IPHONEOS_DEPLOYMENT_TARGET = 17.4;
				LOCALIZATION_PREFERS_STRING_CATALOGS = YES;
				MTL_ENABLE_DEBUG_INFO = INCLUDE_SOURCE;
				MTL_FAST_MATH = YES;
				ONLY_ACTIVE_ARCH = YES;
				SDKROOT = iphoneos;
				SWIFT_ACTIVE_COMPILATION_CONDITIONS = "DEBUG $(inherited)";
				SWIFT_OPTIMIZATION_LEVEL = "-Onone";
			};
			name = Debug;
		};
		6C4EF1122BFAC388001FA1F7 /* Release */ = {
			isa = XCBuildConfiguration;
			buildSettings = {
				ALWAYS_SEARCH_USER_PATHS = NO;
				ASSETCATALOG_COMPILER_GENERATE_SWIFT_ASSET_SYMBOL_EXTENSIONS = YES;
				CLANG_ANALYZER_NONNULL = YES;
				CLANG_ANALYZER_NUMBER_OBJECT_CONVERSION = YES_AGGRESSIVE;
				CLANG_CXX_LANGUAGE_STANDARD = "gnu++20";
				CLANG_ENABLE_MODULES = YES;
				CLANG_ENABLE_OBJC_ARC = YES;
				CLANG_ENABLE_OBJC_WEAK = YES;
				CLANG_WARN_BLOCK_CAPTURE_AUTORELEASING = YES;
				CLANG_WARN_BOOL_CONVERSION = YES;
				CLANG_WARN_COMMA = YES;
				CLANG_WARN_CONSTANT_CONVERSION = YES;
				CLANG_WARN_DEPRECATED_OBJC_IMPLEMENTATIONS = YES;
				CLANG_WARN_DIRECT_OBJC_ISA_USAGE = YES_ERROR;
				CLANG_WARN_DOCUMENTATION_COMMENTS = YES;
				CLANG_WARN_EMPTY_BODY = YES;
				CLANG_WARN_ENUM_CONVERSION = YES;
				CLANG_WARN_INFINITE_RECURSION = YES;
				CLANG_WARN_INT_CONVERSION = YES;
				CLANG_WARN_NON_LITERAL_NULL_CONVERSION = YES;
				CLANG_WARN_OBJC_IMPLICIT_RETAIN_SELF = YES;
				CLANG_WARN_OBJC_LITERAL_CONVERSION = YES;
				CLANG_WARN_OBJC_ROOT_CLASS = YES_ERROR;
				CLANG_WARN_QUOTED_INCLUDE_IN_FRAMEWORK_HEADER = YES;
				CLANG_WARN_RANGE_LOOP_ANALYSIS = YES;
				CLANG_WARN_STRICT_PROTOTYPES = YES;
				CLANG_WARN_SUSPICIOUS_MOVE = YES;
				CLANG_WARN_UNGUARDED_AVAILABILITY = YES_AGGRESSIVE;
				CLANG_WARN_UNREACHABLE_CODE = YES;
				CLANG_WARN__DUPLICATE_METHOD_MATCH = YES;
				COPY_PHASE_STRIP = NO;
				DEBUG_INFORMATION_FORMAT = "dwarf-with-dsym";
				ENABLE_NS_ASSERTIONS = NO;
				ENABLE_STRICT_OBJC_MSGSEND = YES;
				ENABLE_USER_SCRIPT_SANDBOXING = YES;
				GCC_C_LANGUAGE_STANDARD = gnu17;
				GCC_NO_COMMON_BLOCKS = YES;
				GCC_WARN_64_TO_32_BIT_CONVERSION = YES;
				GCC_WARN_ABOUT_RETURN_TYPE = YES_ERROR;
				GCC_WARN_UNDECLARED_SELECTOR = YES;
				GCC_WARN_UNINITIALIZED_AUTOS = YES_AGGRESSIVE;
				GCC_WARN_UNUSED_FUNCTION = YES;
				GCC_WARN_UNUSED_VARIABLE = YES;
				IPHONEOS_DEPLOYMENT_TARGET = 17.4;
				LOCALIZATION_PREFERS_STRING_CATALOGS = YES;
				MTL_ENABLE_DEBUG_INFO = NO;
				MTL_FAST_MATH = YES;
				SDKROOT = iphoneos;
				SWIFT_COMPILATION_MODE = wholemodule;
				VALIDATE_PRODUCT = YES;
			};
			name = Release;
		};
		6C4EF1142BFAC388001FA1F7 /* Debug */ = {
			isa = XCBuildConfiguration;
			buildSettings = {
				ASSETCATALOG_COMPILER_APPICON_NAME = AppIcon;
				ASSETCATALOG_COMPILER_GLOBAL_ACCENT_COLOR_NAME = AccentColor;
				CODE_SIGN_STYLE = Automatic;
				CURRENT_PROJECT_VERSION = 1;
				DEVELOPMENT_TEAM = M7XNWVGH52;
				GENERATE_INFOPLIST_FILE = YES;
				INFOPLIST_FILE = BItcoinPrice/Info.plist;
				INFOPLIST_KEY_UIApplicationSupportsIndirectInputEvents = YES;
				INFOPLIST_KEY_UILaunchStoryboardName = LaunchScreen;
				INFOPLIST_KEY_UIMainStoryboardFile = Main;
				INFOPLIST_KEY_UISupportedInterfaceOrientations_iPad = "UIInterfaceOrientationPortrait UIInterfaceOrientationPortraitUpsideDown UIInterfaceOrientationLandscapeLeft UIInterfaceOrientationLandscapeRight";
				INFOPLIST_KEY_UISupportedInterfaceOrientations_iPhone = "UIInterfaceOrientationPortrait UIInterfaceOrientationLandscapeLeft UIInterfaceOrientationLandscapeRight";
				LD_RUNPATH_SEARCH_PATHS = (
					"$(inherited)",
					"@executable_path/Frameworks",
				);
				MARKETING_VERSION = 1.0;
				PRODUCT_BUNDLE_IDENTIFIER = com.Rishav.BItcoinPrice;
				PRODUCT_NAME = "$(TARGET_NAME)";
				SWIFT_EMIT_LOC_STRINGS = YES;
				SWIFT_VERSION = 5.0;
				TARGETED_DEVICE_FAMILY = "1,2";
			};
			name = Debug;
		};
		6C4EF1152BFAC388001FA1F7 /* Release */ = {
			isa = XCBuildConfiguration;
			buildSettings = {
				ASSETCATALOG_COMPILER_APPICON_NAME = AppIcon;
				ASSETCATALOG_COMPILER_GLOBAL_ACCENT_COLOR_NAME = AccentColor;
				CODE_SIGN_STYLE = Automatic;
				CURRENT_PROJECT_VERSION = 1;
				DEVELOPMENT_TEAM = M7XNWVGH52;
				GENERATE_INFOPLIST_FILE = YES;
				INFOPLIST_FILE = BItcoinPrice/Info.plist;
				INFOPLIST_KEY_UIApplicationSupportsIndirectInputEvents = YES;
				INFOPLIST_KEY_UILaunchStoryboardName = LaunchScreen;
				INFOPLIST_KEY_UIMainStoryboardFile = Main;
				INFOPLIST_KEY_UISupportedInterfaceOrientations_iPad = "UIInterfaceOrientationPortrait UIInterfaceOrientationPortraitUpsideDown UIInterfaceOrientationLandscapeLeft UIInterfaceOrientationLandscapeRight";
				INFOPLIST_KEY_UISupportedInterfaceOrientations_iPhone = "UIInterfaceOrientationPortrait UIInterfaceOrientationLandscapeLeft UIInterfaceOrientationLandscapeRight";
				LD_RUNPATH_SEARCH_PATHS = (
					"$(inherited)",
					"@executable_path/Frameworks",
				);
				MARKETING_VERSION = 1.0;
				PRODUCT_BUNDLE_IDENTIFIER = com.Rishav.BItcoinPrice;
				PRODUCT_NAME = "$(TARGET_NAME)";
				SWIFT_EMIT_LOC_STRINGS = YES;
				SWIFT_VERSION = 5.0;
				TARGETED_DEVICE_FAMILY = "1,2";
			};
			name = Release;
		};
/* End XCBuildConfiguration section */

/* Begin XCConfigurationList section */
		6C4EF0FA2BFAC385001FA1F7 /* Build configuration list for PBXProject "BItcoinPrice" */ = {
			isa = XCConfigurationList;
			buildConfigurations = (
				6C4EF1112BFAC388001FA1F7 /* Debug */,
				6C4EF1122BFAC388001FA1F7 /* Release */,
			);
			defaultConfigurationIsVisible = 0;
			defaultConfigurationName = Release;
		};
		6C4EF1132BFAC388001FA1F7 /* Build configuration list for PBXNativeTarget "BItcoinPrice" */ = {
			isa = XCConfigurationList;
			buildConfigurations = (
				6C4EF1142BFAC388001FA1F7 /* Debug */,
				6C4EF1152BFAC388001FA1F7 /* Release */,
			);
			defaultConfigurationIsVisible = 0;
			defaultConfigurationName = Release;
		};
/* End XCConfigurationList section */
	};
	rootObject = 6C4EF0F72BFAC385001FA1F7 /* Project object */;
}
